
Microsoft Visual Studio Solution File, Format Version 12.00
# Visual Studio 14
VisualStudioVersion = 14.0.24720.0
MinimumVisualStudioVersion = 10.0.40219.1
Project("{FAE04EC0-301F-11D3-BF4B-00C04F79EFBC}") = "Labarat2", "Labarat2\Labarat2.csproj", "{3A27F4B6-90C7-4A38-A355-5FC0C5A57FDF}"
EndProject
Global
	GlobalSection(SolutionConfigurationPlatforms) = preSolution
		Debug|Any CPU = Debug|Any CPU
		Release|Any CPU = Release|Any CPU
	EndGlobalSection
	GlobalSection(ProjectConfigurationPlatforms) = postSolution
		{3A27F4B6-90C7-4A38-A355-5FC0C5A57FDF}.Debug|Any CPU.ActiveCfg = Debug|Any CPU
		{3A27F4B6-90C7-4A38-A355-5FC0C5A57FDF}.Debug|Any CPU.Build.0 = Debug|Any CPU
		{3A27F4B6-90C7-4A38-A355-5FC0C5A57FDF}.Release|Any CPU.ActiveCfg = Release|Any CPU
		{3A27F4B6-90C7-4A38-A355-5FC0C5A57FDF}.Release|Any CPU.Build.0 = Release|Any CPU
	EndGlobalSection
	GlobalSection(SolutionProperties) = preSolution
		HideSolutionNode = FALSE
	EndGlobalSection
EndGlobal
